{
  "name": "suli-borsa-bot",
  "version": "1.0.0",
  "lockfileVersion": 3,
  "requires": true,
  "packages": {
    "": {
      "name": "suli-borsa-bot",
      "version": "1.0.0",
      "dependencies": {
        "venom-bot": "^5.0.2",
        "node-fetch": "^3.3.2",
        "moment-timezone": "^0.5.45",
        "puppeteer": "^23.9.0"
      },
      "engines": {
        "node": ">=20.0.0"
      }
    }
  }
}
